// !$*UTF8*$!
{
	archiveVersion = 1;
	classes = {
	};
	objectVersion = 77;
	objects = {

/* Begin PBXBuildFile section */
		2BE967132E54E32C007763AE /* ColorExtensions.swift in Sources */ = {isa = PBXBuildFile; fileRef = 2BE967122E54E32C007763AE /* ColorExtensions.swift */; };
		5C2A86CA2E5866BC0055FA9A /* FirebaseAI in Frameworks */ = {isa = PBXBuildFile; productRef = 5C2A86C92E5866BC0055FA9A /* FirebaseAI */; };
		5C2A86CC2E5866BC0055FA9A /* FirebaseAnalytics in Frameworks */ = {isa = PBXBuildFile; productRef = 5C2A86CB2E5866BC0055FA9A /* FirebaseAnalytics */; };
		5C2A86CE2E5866BC0055FA9A /* FirebaseAnalyticsCore in Frameworks */ = {isa = PBXBuildFile; productRef = 5C2A86CD2E5866BC0055FA9A /* FirebaseAnalyticsCore */; };
		5C2A86D02E5866BC0055FA9A /* FirebaseAnalyticsIdentitySupport in Frameworks */ = {isa = PBXBuildFile; productRef = 5C2A86CF2E5866BC0055FA9A /* FirebaseAnalyticsIdentitySupport */; };
		5C2A86D22E5866BC0055FA9A /* FirebaseAppCheck in Frameworks */ = {isa = PBXBuildFile; productRef = 5C2A86D12E5866BC0055FA9A /* FirebaseAppCheck */; };
		5C2A86D62E5876D40055FA9A /* FirebaseAppDistribution-Beta in Frameworks */ = {isa = PBXBuildFile; productRef = 5C2A86D52E5876D40055FA9A /* FirebaseAppDistribution-Beta */; };
		5C2A86D82E5876D40055FA9A /* FirebaseAuth in Frameworks */ = {isa = PBXBuildFile; productRef = 5C2A86D72E5876D40055FA9A /* FirebaseAuth */; };
		5C2A86DA2E5876D40055FA9A /* FirebaseAuthCombine-Community in Frameworks */ = {isa = PBXBuildFile; productRef = 5C2A86D92E5876D40055FA9A /* FirebaseAuthCombine-Community */; };
		5C2A86DC2E5876D40055FA9A /* FirebaseCore in Frameworks */ = {isa = PBXBuildFile; productRef = 5C2A86DB2E5876D40055FA9A /* FirebaseCore */; };
		5C2A86DE2E5876D40055FA9A /* FirebaseCrashlytics in Frameworks */ = {isa = PBXBuildFile; productRef = 5C2A86DD2E5876D40055FA9A /* FirebaseCrashlytics */; };
		5C2A86E02E5876D40055FA9A /* FirebaseDatabase in Frameworks */ = {isa = PBXBuildFile; productRef = 5C2A86DF2E5876D40055FA9A /* FirebaseDatabase */; };
		5C2A86E22E5876D40055FA9A /* FirebaseFirestore in Frameworks */ = {isa = PBXBuildFile; productRef = 5C2A86E12E5876D40055FA9A /* FirebaseFirestore */; };
		5C2A86E42E5876D40055FA9A /* FirebaseFirestoreCombine-Community in Frameworks */ = {isa = PBXBuildFile; productRef = 5C2A86E32E5876D40055FA9A /* FirebaseFirestoreCombine-Community */; };
		5C2A86E62E5876D40055FA9A /* FirebaseFunctions in Frameworks */ = {isa = PBXBuildFile; productRef = 5C2A86E52E5876D40055FA9A /* FirebaseFunctions */; };
		5C2A86E82E5876D40055FA9A /* FirebaseFunctionsCombine-Community in Frameworks */ = {isa = PBXBuildFile; productRef = 5C2A86E72E5876D40055FA9A /* FirebaseFunctionsCombine-Community */; };
		5C2A86EA2E5876D40055FA9A /* FirebaseInAppMessaging-Beta in Frameworks */ = {isa = PBXBuildFile; productRef = 5C2A86E92E5876D40055FA9A /* FirebaseInAppMessaging-Beta */; };
		5C2A86EC2E5876D40055FA9A /* FirebaseInstallations in Frameworks */ = {isa = PBXBuildFile; productRef = 5C2A86EB2E5876D40055FA9A /* FirebaseInstallations */; };
		5C2A86EE2E5876D40055FA9A /* FirebaseMLModelDownloader in Frameworks */ = {isa = PBXBuildFile; productRef = 5C2A86ED2E5876D40055FA9A /* FirebaseMLModelDownloader */; };
		5C2A86F02E5876D40055FA9A /* FirebaseMessaging in Frameworks */ = {isa = PBXBuildFile; productRef = 5C2A86EF2E5876D40055FA9A /* FirebaseMessaging */; };
		5C2A86F22E5876D40055FA9A /* FirebasePerformance in Frameworks */ = {isa = PBXBuildFile; productRef = 5C2A86F12E5876D40055FA9A /* FirebasePerformance */; };
		5C2A86F42E5876D40055FA9A /* FirebaseRemoteConfig in Frameworks */ = {isa = PBXBuildFile; productRef = 5C2A86F32E5876D40055FA9A /* FirebaseRemoteConfig */; };
		5C2A86F62E5876D40055FA9A /* FirebaseStorage in Frameworks */ = {isa = PBXBuildFile; productRef = 5C2A86F52E5876D40055FA9A /* FirebaseStorage */; };
		5C2A86F82E5876D40055FA9A /* FirebaseStorageCombine-Community in Frameworks */ = {isa = PBXBuildFile; productRef = 5C2A86F72E5876D40055FA9A /* FirebaseStorageCombine-Community */; };
		5C9E43132E544F0400E440F7 /* Assets.xcassets in Resources */ = {isa = PBXBuildFile; fileRef = 5C9E43122E544F0400E440F7 /* Assets.xcassets */; };
		5C9E433F2E54579400E440F7 /* SplashView.swift in Sources */ = {isa = PBXBuildFile; fileRef = 5C9E433E2E54579400E440F7 /* SplashView.swift */; };
		5C9E43512E54764700E440F7 /* LoginView.swift in Sources */ = {isa = PBXBuildFile; fileRef = 5C9E43502E54764700E440F7 /* LoginView.swift */; };
		5CF4097D2E56F9F6002C19DE /* SignUpView.swift in Sources */ = {isa = PBXBuildFile; fileRef = 5CF4097C2E56F9F6002C19DE /* SignUpView.swift */; };
/* End PBXBuildFile section */

/* Begin PBXContainerItemProxy section */
		5C9E43192E544F0500E440F7 /* PBXContainerItemProxy */ = {
			isa = PBXContainerItemProxy;
			containerPortal = 5C9E43032E544F0300E440F7 /* Project object */;
			proxyType = 1;
			remoteGlobalIDString = 5C9E430A2E544F0300E440F7;
			remoteInfo = FoodApp;
		};
		5C9E43232E544F0500E440F7 /* PBXContainerItemProxy */ = {
			isa = PBXContainerItemProxy;
			containerPortal = 5C9E43032E544F0300E440F7 /* Project object */;
			proxyType = 1;
			remoteGlobalIDString = 5C9E430A2E544F0300E440F7;
			remoteInfo = FoodApp;
		};
/* End PBXContainerItemProxy section */

/* Begin PBXFileReference section */
		2BE967122E54E32C007763AE /* ColorExtensions.swift */ = {isa = PBXFileReference; lastKnownFileType = sourcecode.swift; path = ColorExtensions.swift; sourceTree = "<group>"; };
		5C9E430B2E544F0300E440F7 /* FoodApp.app */ = {isa = PBXFileReference; explicitFileType = wrapper.application; includeInIndex = 0; path = FoodApp.app; sourceTree = BUILT_PRODUCTS_DIR; };
		5C9E43122E544F0400E440F7 /* Assets.xcassets */ = {isa = PBXFileReference; lastKnownFileType = folder.assetcatalog; path = Assets.xcassets; sourceTree = "<group>"; };
		5C9E43182E544F0500E440F7 /* FoodAppTests.xctest */ = {isa = PBXFileReference; explicitFileType = wrapper.cfbundle; includeInIndex = 0; path = FoodAppTests.xctest; sourceTree = BUILT_PRODUCTS_DIR; };
		5C9E43222E544F0500E440F7 /* FoodAppUITests.xctest */ = {isa = PBXFileReference; explicitFileType = wrapper.cfbundle; includeInIndex = 0; path = FoodAppUITests.xctest; sourceTree = BUILT_PRODUCTS_DIR; };
		5C9E433E2E54579400E440F7 /* SplashView.swift */ = {isa = PBXFileReference; lastKnownFileType = sourcecode.swift; path = SplashView.swift; sourceTree = "<group>"; };
		5C9E43502E54764700E440F7 /* LoginView.swift */ = {isa = PBXFileReference; lastKnownFileType = sourcecode.swift; path = LoginView.swift; sourceTree = "<group>"; };
		5CF4097C2E56F9F6002C19DE /* SignUpView.swift */ = {isa = PBXFileReference; lastKnownFileType = sourcecode.swift; path = SignUpView.swift; sourceTree = "<group>"; };
/* End PBXFileReference section */

/* Begin PBXFileSystemSynchronizedRootGroup section */
		5C9E430D2E544F0300E440F7 /* FoodApp */ = {
			isa = PBXFileSystemSynchronizedRootGroup;
			path = FoodApp;
			sourceTree = "<group>";
		};
		5C9E431B2E544F0500E440F7 /* FoodAppTests */ = {
			isa = PBXFileSystemSynchronizedRootGroup;
			path = FoodAppTests;
			sourceTree = "<group>";
		};
		5C9E43252E544F0500E440F7 /* FoodAppUITests */ = {
			isa = PBXFileSystemSynchronizedRootGroup;
			path = FoodAppUITests;
			sourceTree = "<group>";
		};
/* End PBXFileSystemSynchronizedRootGroup section */

/* Begin PBXFrameworksBuildPhase section */
		5C9E43082E544F0300E440F7 /* Frameworks */ = {
			isa = PBXFrameworksBuildPhase;
			buildActionMask = 2147483647;
			files = (
				5C2A86E42E5876D40055FA9A /* FirebaseFirestoreCombine-Community in Frameworks */,
				5C2A86E62E5876D40055FA9A /* FirebaseFunctions in Frameworks */,
				5C2A86F22E5876D40055FA9A /* FirebasePerformance in Frameworks */,
				5C2A86F82E5876D40055FA9A /* FirebaseStorageCombine-Community in Frameworks */,
				5C2A86F42E5876D40055FA9A /* FirebaseRemoteConfig in Frameworks */,
				5C2A86D02E5866BC0055FA9A /* FirebaseAnalyticsIdentitySupport in Frameworks */,
				5C2A86CC2E5866BC0055FA9A /* FirebaseAnalytics in Frameworks */,
				5C2A86CE2E5866BC0055FA9A /* FirebaseAnalyticsCore in Frameworks */,
				5C2A86D22E5866BC0055FA9A /* FirebaseAppCheck in Frameworks */,
				5C2A86CA2E5866BC0055FA9A /* FirebaseAI in Frameworks */,
				5C2A86E22E5876D40055FA9A /* FirebaseFirestore in Frameworks */,
				5C2A86F02E5876D40055FA9A /* FirebaseMessaging in Frameworks */,
				5C2A86EC2E5876D40055FA9A /* FirebaseInstallations in Frameworks */,
				5C2A86E82E5876D40055FA9A /* FirebaseFunctionsCombine-Community in Frameworks */,
				5C2A86D82E5876D40055FA9A /* FirebaseAuth in Frameworks */,
				5C2A86D62E5876D40055FA9A /* FirebaseAppDistribution-Beta in Frameworks */,
				5C2A86EA2E5876D40055FA9A /* FirebaseInAppMessaging-Beta in Frameworks */,
				5C2A86DE2E5876D40055FA9A /* FirebaseCrashlytics in Frameworks */,
				5C2A86E02E5876D40055FA9A /* FirebaseDatabase in Frameworks */,
				5C2A86EE2E5876D40055FA9A /* FirebaseMLModelDownloader in Frameworks */,
				5C2A86F62E5876D40055FA9A /* FirebaseStorage in Frameworks */,
				5C2A86DC2E5876D40055FA9A /* FirebaseCore in Frameworks */,
				5C2A86DA2E5876D40055FA9A /* FirebaseAuthCombine-Community in Frameworks */,
			);
			runOnlyForDeploymentPostprocessing = 0;
		};
		5C9E43152E544F0500E440F7 /* Frameworks */ = {
			isa = PBXFrameworksBuildPhase;
			buildActionMask = 2147483647;
			files = (
			);
			runOnlyForDeploymentPostprocessing = 0;
		};
		5C9E431F2E544F0500E440F7 /* Frameworks */ = {
			isa = PBXFrameworksBuildPhase;
			buildActionMask = 2147483647;
			files = (
			);
			runOnlyForDeploymentPostprocessing = 0;
		};
/* End PBXFrameworksBuildPhase section */

/* Begin PBXGroup section */
		2BE967102E54E2B8007763AE /* Core */ = {
			isa = PBXGroup;
			children = (
				2BE967112E54E2CB007763AE /* Extensions */,
			);
			path = Core;
			sourceTree = "<group>";
		};
		2BE967112E54E2CB007763AE /* Extensions */ = {
			isa = PBXGroup;
			children = (
				2BE967122E54E32C007763AE /* ColorExtensions.swift */,
			);
			path = Extensions;
			sourceTree = "<group>";
		};
		5C9E43022E544F0300E440F7 = {
			isa = PBXGroup;
			children = (
				2BE967102E54E2B8007763AE /* Core */,
				5C9E43382E54559700E440F7 /* Shared */,
				5C9E43372E54556C00E440F7 /* Features */,
				5C9E43352E54554B00E440F7 /* Resources */,
				5C9E430D2E544F0300E440F7 /* FoodApp */,
				5C9E431B2E544F0500E440F7 /* FoodAppTests */,
				5C9E43252E544F0500E440F7 /* FoodAppUITests */,
				5C9E430C2E544F0300E440F7 /* Products */,
			);
			sourceTree = "<group>";
		};
		5C9E430C2E544F0300E440F7 /* Products */ = {
			isa = PBXGroup;
			children = (
				5C9E430B2E544F0300E440F7 /* FoodApp.app */,
				5C9E43182E544F0500E440F7 /* FoodAppTests.xctest */,
				5C9E43222E544F0500E440F7 /* FoodAppUITests.xctest */,
			);
			name = Products;
			sourceTree = "<group>";
		};
		5C9E43352E54554B00E440F7 /* Resources */ = {
			isa = PBXGroup;
			children = (
				5C9E43122E544F0400E440F7 /* Assets.xcassets */,
			);
			path = Resources;
			sourceTree = "<group>";
		};
		5C9E43372E54556C00E440F7 /* Features */ = {
			isa = PBXGroup;
			children = (
				5C9E434C2E54748E00E440F7 /* Authentication */,
			);
			path = Features;
			sourceTree = "<group>";
		};
		5C9E43382E54559700E440F7 /* Shared */ = {
			isa = PBXGroup;
			children = (
				5C9E433D2E54574F00E440F7 /* Components */,
			);
			path = Shared;
			sourceTree = "<group>";
		};
		5C9E433D2E54574F00E440F7 /* Components */ = {
			isa = PBXGroup;
			children = (
				5C9E433E2E54579400E440F7 /* SplashView.swift */,
			);
			path = Components;
			sourceTree = "<group>";
		};
		5C9E434C2E54748E00E440F7 /* Authentication */ = {
			isa = PBXGroup;
			children = (
				5C9E434E2E5474B400E440F7 /* View */,
			);
			path = Authentication;
			sourceTree = "<group>";
		};
		5C9E434E2E5474B400E440F7 /* View */ = {
			isa = PBXGroup;
			children = (
				5C9E43502E54764700E440F7 /* LoginView.swift */,
				5CF4097C2E56F9F6002C19DE /* SignUpView.swift */,
			);
			path = View;
			sourceTree = "<group>";
		};
/* End PBXGroup section */

/* Begin PBXNativeTarget section */
		5C9E430A2E544F0300E440F7 /* FoodApp */ = {
			isa = PBXNativeTarget;
			buildConfigurationList = 5C9E432C2E544F0500E440F7 /* Build configuration list for PBXNativeTarget "FoodApp" */;
			buildPhases = (
				5C9E43072E544F0300E440F7 /* Sources */,
				5C9E43082E544F0300E440F7 /* Frameworks */,
				5C9E43092E544F0300E440F7 /* Resources */,
			);
			buildRules = (
			);
			dependencies = (
			);
			fileSystemSynchronizedGroups = (
				5C9E430D2E544F0300E440F7 /* FoodApp */,
			);
			name = FoodApp;
			packageProductDependencies = (
				5C2A86C92E5866BC0055FA9A /* FirebaseAI */,
				5C2A86CB2E5866BC0055FA9A /* FirebaseAnalytics */,
				5C2A86CD2E5866BC0055FA9A /* FirebaseAnalyticsCore */,
				5C2A86CF2E5866BC0055FA9A /* FirebaseAnalyticsIdentitySupport */,
				5C2A86D12E5866BC0055FA9A /* FirebaseAppCheck */,
				5C2A86D52E5876D40055FA9A /* FirebaseAppDistribution-Beta */,
				5C2A86D72E5876D40055FA9A /* FirebaseAuth */,
				5C2A86D92E5876D40055FA9A /* FirebaseAuthCombine-Community */,
				5C2A86DB2E5876D40055FA9A /* FirebaseCore */,
				5C2A86DD2E5876D40055FA9A /* FirebaseCrashlytics */,
				5C2A86DF2E5876D40055FA9A /* FirebaseDatabase */,
				5C2A86E12E5876D40055FA9A /* FirebaseFirestore */,
				5C2A86E32E5876D40055FA9A /* FirebaseFirestoreCombine-Community */,
				5C2A86E52E5876D40055FA9A /* FirebaseFunctions */,
				5C2A86E72E5876D40055FA9A /* FirebaseFunctionsCombine-Community */,
				5C2A86E92E5876D40055FA9A /* FirebaseInAppMessaging-Beta */,
				5C2A86EB2E5876D40055FA9A /* FirebaseInstallations */,
				5C2A86ED2E5876D40055FA9A /* FirebaseMLModelDownloader */,
				5C2A86EF2E5876D40055FA9A /* FirebaseMessaging */,
				5C2A86F12E5876D40055FA9A /* FirebasePerformance */,
				5C2A86F32E5876D40055FA9A /* FirebaseRemoteConfig */,
				5C2A86F52E5876D40055FA9A /* FirebaseStorage */,
				5C2A86F72E5876D40055FA9A /* FirebaseStorageCombine-Community */,
			);
			productName = FoodApp;
			productReference = 5C9E430B2E544F0300E440F7 /* FoodApp.app */;
			productType = "com.apple.product-type.application";
		};
		5C9E43172E544F0500E440F7 /* FoodAppTests */ = {
			isa = PBXNativeTarget;
			buildConfigurationList = 5C9E432F2E544F0500E440F7 /* Build configuration list for PBXNativeTarget "FoodAppTests" */;
			buildPhases = (
				5C9E43142E544F0500E440F7 /* Sources */,
				5C9E43152E544F0500E440F7 /* Frameworks */,
				5C9E43162E544F0500E440F7 /* Resources */,
			);
			buildRules = (
			);
			dependencies = (
				5C9E431A2E544F0500E440F7 /* PBXTargetDependency */,
			);
			fileSystemSynchronizedGroups = (
				5C9E431B2E544F0500E440F7 /* FoodAppTests */,
			);
			name = FoodAppTests;
			packageProductDependencies = (
			);
			productName = FoodAppTests;
			productReference = 5C9E43182E544F0500E440F7 /* FoodAppTests.xctest */;
			productType = "com.apple.product-type.bundle.unit-test";
		};
		5C9E43212E544F0500E440F7 /* FoodAppUITests */ = {
			isa = PBXNativeTarget;
			buildConfigurationList = 5C9E43322E544F0500E440F7 /* Build configuration list for PBXNativeTarget "FoodAppUITests" */;
			buildPhases = (
				5C9E431E2E544F0500E440F7 /* Sources */,
				5C9E431F2E544F0500E440F7 /* Frameworks */,
				5C9E43202E544F0500E440F7 /* Resources */,
			);
			buildRules = (
			);
			dependencies = (
				5C9E43242E544F0500E440F7 /* PBXTargetDependency */,
			);
			fileSystemSynchronizedGroups = (
				5C9E43252E544F0500E440F7 /* FoodAppUITests */,
			);
			name = FoodAppUITests;
			packageProductDependencies = (
			);
			productName = FoodAppUITests;
			productReference = 5C9E43222E544F0500E440F7 /* FoodAppUITests.xctest */;
			productType = "com.apple.product-type.bundle.ui-testing";
		};
/* End PBXNativeTarget section */

/* Begin PBXProject section */
		5C9E43032E544F0300E440F7 /* Project object */ = {
			isa = PBXProject;
			attributes = {
				BuildIndependentTargetsInParallel = 1;
				LastSwiftUpdateCheck = 1630;
				LastUpgradeCheck = 1630;
				TargetAttributes = {
					5C9E430A2E544F0300E440F7 = {
						CreatedOnToolsVersion = 16.3;
					};
					5C9E43172E544F0500E440F7 = {
						CreatedOnToolsVersion = 16.3;
						TestTargetID = 5C9E430A2E544F0300E440F7;
					};
					5C9E43212E544F0500E440F7 = {
						CreatedOnToolsVersion = 16.3;
						TestTargetID = 5C9E430A2E544F0300E440F7;
					};
				};
			};
			buildConfigurationList = 5C9E43062E544F0300E440F7 /* Build configuration list for PBXProject "FoodApp" */;
			developmentRegion = en;
			hasScannedForEncodings = 0;
			knownRegions = (
				en,
				Base,
			);
			mainGroup = 5C9E43022E544F0300E440F7;
			minimizedProjectReferenceProxies = 1;
			packageReferences = (
				5C2A86C82E5866BB0055FA9A /* XCRemoteSwiftPackageReference "firebase-ios-sdk" */,
			);
			preferredProjectObjectVersion = 77;
			productRefGroup = 5C9E430C2E544F0300E440F7 /* Products */;
			projectDirPath = "";
			projectRoot = "";
			targets = (
				5C9E430A2E544F0300E440F7 /* FoodApp */,
				5C9E43172E544F0500E440F7 /* FoodAppTests */,
				5C9E43212E544F0500E440F7 /* FoodAppUITests */,
			);
		};
/* End PBXProject section */

/* Begin PBXResourcesBuildPhase section */
		5C9E43092E544F0300E440F7 /* Resources */ = {
			isa = PBXResourcesBuildPhase;
			buildActionMask = 2147483647;
			files = (
				5C9E43132E544F0400E440F7 /* Assets.xcassets in Resources */,
			);
			runOnlyForDeploymentPostprocessing = 0;
		};
		5C9E43162E544F0500E440F7 /* Resources */ = {
			isa = PBXResourcesBuildPhase;
			buildActionMask = 2147483647;
			files = (
			);
			runOnlyForDeploymentPostprocessing = 0;
		};
		5C9E43202E544F0500E440F7 /* Resources */ = {
			isa = PBXResourcesBuildPhase;
			buildActionMask = 2147483647;
			files = (
			);
			runOnlyForDeploymentPostprocessing = 0;
		};
/* End PBXResourcesBuildPhase section */

/* Begin PBXSourcesBuildPhase section */
		5C9E43072E544F0300E440F7 /* Sources */ = {
			isa = PBXSourcesBuildPhase;
			buildActionMask = 2147483647;
			files = (
				5C9E433F2E54579400E440F7 /* SplashView.swift in Sources */,
				5C9E43512E54764700E440F7 /* LoginView.swift in Sources */,
				2BE967132E54E32C007763AE /* ColorExtensions.swift in Sources */,
				5CF4097D2E56F9F6002C19DE /* SignUpView.swift in Sources */,
			);
			runOnlyForDeploymentPostprocessing = 0;
		};
		5C9E43142E544F0500E440F7 /* Sources */ = {
			isa = PBXSourcesBuildPhase;
			buildActionMask = 2147483647;
			files = (
			);
			runOnlyForDeploymentPostprocessing = 0;
		};
		5C9E431E2E544F0500E440F7 /* Sources */ = {
			isa = PBXSourcesBuildPhase;
			buildActionMask = 2147483647;
			files = (
			);
			runOnlyForDeploymentPostprocessing = 0;
		};
/* End PBXSourcesBuildPhase section */

/* Begin PBXTargetDependency section */
		5C9E431A2E544F0500E440F7 /* PBXTargetDependency */ = {
			isa = PBXTargetDependency;
			target = 5C9E430A2E544F0300E440F7 /* FoodApp */;
			targetProxy = 5C9E43192E544F0500E440F7 /* PBXContainerItemProxy */;
		};
		5C9E43242E544F0500E440F7 /* PBXTargetDependency */ = {
			isa = PBXTargetDependency;
			target = 5C9E430A2E544F0300E440F7 /* FoodApp */;
			targetProxy = 5C9E43232E544F0500E440F7 /* PBXContainerItemProxy */;
		};
/* End PBXTargetDependency section */

/* Begin XCBuildConfiguration section */
		5C9E432A2E544F0500E440F7 /* Debug */ = {
			isa = XCBuildConfiguration;
			buildSettings = {
				ALWAYS_SEARCH_USER_PATHS = NO;
				ASSETCATALOG_COMPILER_GENERATE_SWIFT_ASSET_SYMBOL_EXTENSIONS = YES;
				CLANG_ANALYZER_NONNULL = YES;
				CLANG_ANALYZER_NUMBER_OBJECT_CONVERSION = YES_AGGRESSIVE;
				CLANG_CXX_LANGUAGE_STANDARD = "gnu++20";
				CLANG_ENABLE_MODULES = YES;
				CLANG_ENABLE_OBJC_ARC = YES;
				CLANG_ENABLE_OBJC_WEAK = YES;
				CLANG_WARN_BLOCK_CAPTURE_AUTORELEASING = YES;
				CLANG_WARN_BOOL_CONVERSION = YES;
				CLANG_WARN_COMMA = YES;
				CLANG_WARN_CONSTANT_CONVERSION = YES;
				CLANG_WARN_DEPRECATED_OBJC_IMPLEMENTATIONS = YES;
				CLANG_WARN_DIRECT_OBJC_ISA_USAGE = YES_ERROR;
				CLANG_WARN_DOCUMENTATION_COMMENTS = YES;
				CLANG_WARN_EMPTY_BODY = YES;
				CLANG_WARN_ENUM_CONVERSION = YES;
				CLANG_WARN_INFINITE_RECURSION = YES;
				CLANG_WARN_INT_CONVERSION = YES;
				CLANG_WARN_NON_LITERAL_NULL_CONVERSION = YES;
				CLANG_WARN_OBJC_IMPLICIT_RETAIN_SELF = YES;
				CLANG_WARN_OBJC_LITERAL_CONVERSION = YES;
				CLANG_WARN_OBJC_ROOT_CLASS = YES_ERROR;
				CLANG_WARN_QUOTED_INCLUDE_IN_FRAMEWORK_HEADER = YES;
				CLANG_WARN_RANGE_LOOP_ANALYSIS = YES;
				CLANG_WARN_STRICT_PROTOTYPES = YES;
				CLANG_WARN_SUSPICIOUS_MOVE = YES;
				CLANG_WARN_UNGUARDED_AVAILABILITY = YES_AGGRESSIVE;
				CLANG_WARN_UNREACHABLE_CODE = YES;
				CLANG_WARN__DUPLICATE_METHOD_MATCH = YES;
				COPY_PHASE_STRIP = NO;
				DEBUG_INFORMATION_FORMAT = dwarf;
				ENABLE_STRICT_OBJC_MSGSEND = YES;
				ENABLE_TESTABILITY = YES;
				ENABLE_USER_SCRIPT_SANDBOXING = YES;
				GCC_C_LANGUAGE_STANDARD = gnu17;
				GCC_DYNAMIC_NO_PIC = NO;
				GCC_NO_COMMON_BLOCKS = YES;
				GCC_OPTIMIZATION_LEVEL = 0;
				GCC_PREPROCESSOR_DEFINITIONS = (
					"DEBUG=1",
					"$(inherited)",
				);
				GCC_WARN_64_TO_32_BIT_CONVERSION = YES;
				GCC_WARN_ABOUT_RETURN_TYPE = YES_ERROR;
				GCC_WARN_UNDECLARED_SELECTOR = YES;
				GCC_WARN_UNINITIALIZED_AUTOS = YES_AGGRESSIVE;
				GCC_WARN_UNUSED_FUNCTION = YES;
				GCC_WARN_UNUSED_VARIABLE = YES;
				IPHONEOS_DEPLOYMENT_TARGET = 18.4;
				LOCALIZATION_PREFERS_STRING_CATALOGS = YES;
				MTL_ENABLE_DEBUG_INFO = INCLUDE_SOURCE;
				MTL_FAST_MATH = YES;
				ONLY_ACTIVE_ARCH = YES;
				SDKROOT = iphoneos;
				SWIFT_ACTIVE_COMPILATION_CONDITIONS = "DEBUG $(inherited)";
				SWIFT_OPTIMIZATION_LEVEL = "-Onone";
			};
			name = Debug;
		};
		5C9E432B2E544F0500E440F7 /* Release */ = {
			isa = XCBuildConfiguration;
			buildSettings = {
				ALWAYS_SEARCH_USER_PATHS = NO;
				ASSETCATALOG_COMPILER_GENERATE_SWIFT_ASSET_SYMBOL_EXTENSIONS = YES;
				CLANG_ANALYZER_NONNULL = YES;
				CLANG_ANALYZER_NUMBER_OBJECT_CONVERSION = YES_AGGRESSIVE;
				CLANG_CXX_LANGUAGE_STANDARD = "gnu++20";
				CLANG_ENABLE_MODULES = YES;
				CLANG_ENABLE_OBJC_ARC = YES;
				CLANG_ENABLE_OBJC_WEAK = YES;
				CLANG_WARN_BLOCK_CAPTURE_AUTORELEASING = YES;
				CLANG_WARN_BOOL_CONVERSION = YES;
				CLANG_WARN_COMMA = YES;
				CLANG_WARN_CONSTANT_CONVERSION = YES;
				CLANG_WARN_DEPRECATED_OBJC_IMPLEMENTATIONS = YES;
				CLANG_WARN_DIRECT_OBJC_ISA_USAGE = YES_ERROR;
				CLANG_WARN_DOCUMENTATION_COMMENTS = YES;
				CLANG_WARN_EMPTY_BODY = YES;
				CLANG_WARN_ENUM_CONVERSION = YES;
				CLANG_WARN_INFINITE_RECURSION = YES;
				CLANG_WARN_INT_CONVERSION = YES;
				CLANG_WARN_NON_LITERAL_NULL_CONVERSION = YES;
				CLANG_WARN_OBJC_IMPLICIT_RETAIN_SELF = YES;
				CLANG_WARN_OBJC_LITERAL_CONVERSION = YES;
				CLANG_WARN_OBJC_ROOT_CLASS = YES_ERROR;
				CLANG_WARN_QUOTED_INCLUDE_IN_FRAMEWORK_HEADER = YES;
				CLANG_WARN_RANGE_LOOP_ANALYSIS = YES;
				CLANG_WARN_STRICT_PROTOTYPES = YES;
				CLANG_WARN_SUSPICIOUS_MOVE = YES;
				CLANG_WARN_UNGUARDED_AVAILABILITY = YES_AGGRESSIVE;
				CLANG_WARN_UNREACHABLE_CODE = YES;
				CLANG_WARN__DUPLICATE_METHOD_MATCH = YES;
				COPY_PHASE_STRIP = NO;
				DEBUG_INFORMATION_FORMAT = "dwarf-with-dsym";
				ENABLE_NS_ASSERTIONS = NO;
				ENABLE_STRICT_OBJC_MSGSEND = YES;
				ENABLE_USER_SCRIPT_SANDBOXING = YES;
				GCC_C_LANGUAGE_STANDARD = gnu17;
				GCC_NO_COMMON_BLOCKS = YES;
				GCC_WARN_64_TO_32_BIT_CONVERSION = YES;
				GCC_WARN_ABOUT_RETURN_TYPE = YES_ERROR;
				GCC_WARN_UNDECLARED_SELECTOR = YES;
				GCC_WARN_UNINITIALIZED_AUTOS = YES_AGGRESSIVE;
				GCC_WARN_UNUSED_FUNCTION = YES;
				GCC_WARN_UNUSED_VARIABLE = YES;
				IPHONEOS_DEPLOYMENT_TARGET = 18.4;
				LOCALIZATION_PREFERS_STRING_CATALOGS = YES;
				MTL_ENABLE_DEBUG_INFO = NO;
				MTL_FAST_MATH = YES;
				SDKROOT = iphoneos;
				SWIFT_COMPILATION_MODE = wholemodule;
				VALIDATE_PRODUCT = YES;
			};
			name = Release;
		};
		5C9E432D2E544F0500E440F7 /* Debug */ = {
			isa = XCBuildConfiguration;
			buildSettings = {
				ASSETCATALOG_COMPILER_APPICON_NAME = AppIcon;
				ASSETCATALOG_COMPILER_GLOBAL_ACCENT_COLOR_NAME = AccentColor;
				CODE_SIGN_IDENTITY = "Apple Development";
				CODE_SIGN_STYLE = Automatic;
				CURRENT_PROJECT_VERSION = 1;
				DEVELOPMENT_TEAM = P932P32KXM;
				ENABLE_PREVIEWS = YES;
				GENERATE_INFOPLIST_FILE = YES;
				INFOPLIST_KEY_UIApplicationSceneManifest_Generation = YES;
				INFOPLIST_KEY_UIApplicationSupportsIndirectInputEvents = YES;
				INFOPLIST_KEY_UILaunchScreen_Generation = YES;
				INFOPLIST_KEY_UISupportedInterfaceOrientations_iPad = "UIInterfaceOrientationPortrait UIInterfaceOrientationPortraitUpsideDown UIInterfaceOrientationLandscapeLeft UIInterfaceOrientationLandscapeRight";
				INFOPLIST_KEY_UISupportedInterfaceOrientations_iPhone = "UIInterfaceOrientationPortrait UIInterfaceOrientationLandscapeLeft UIInterfaceOrientationLandscapeRight";
				LD_RUNPATH_SEARCH_PATHS = (
					"$(inherited)",
					"@executable_path/Frameworks",
				);
				MARKETING_VERSION = 1.0;
				PRODUCT_BUNDLE_IDENTIFIER = com.kumar.FoodApp;
				PRODUCT_NAME = "$(TARGET_NAME)";
				PROVISIONING_PROFILE_SPECIFIER = "";
				SWIFT_EMIT_LOC_STRINGS = YES;
				SWIFT_VERSION = 5.0;
				TARGETED_DEVICE_FAMILY = "1,2";
			};
			name = Debug;
		};
		5C9E432E2E544F0500E440F7 /* Release */ = {
			isa = XCBuildConfiguration;
			buildSettings = {
				ASSETCATALOG_COMPILER_APPICON_NAME = AppIcon;
				ASSETCATALOG_COMPILER_GLOBAL_ACCENT_COLOR_NAME = AccentColor;
				CODE_SIGN_IDENTITY = "Apple Development";
				CODE_SIGN_STYLE = Automatic;
				CURRENT_PROJECT_VERSION = 1;
				DEVELOPMENT_TEAM = P932P32KXM;
				ENABLE_PREVIEWS = YES;
				GENERATE_INFOPLIST_FILE = YES;
				INFOPLIST_KEY_UIApplicationSceneManifest_Generation = YES;
				INFOPLIST_KEY_UIApplicationSupportsIndirectInputEvents = YES;
				INFOPLIST_KEY_UILaunchScreen_Generation = YES;
				INFOPLIST_KEY_UISupportedInterfaceOrientations_iPad = "UIInterfaceOrientationPortrait UIInterfaceOrientationPortraitUpsideDown UIInterfaceOrientationLandscapeLeft UIInterfaceOrientationLandscapeRight";
				INFOPLIST_KEY_UISupportedInterfaceOrientations_iPhone = "UIInterfaceOrientationPortrait UIInterfaceOrientationLandscapeLeft UIInterfaceOrientationLandscapeRight";
				LD_RUNPATH_SEARCH_PATHS = (
					"$(inherited)",
					"@executable_path/Frameworks",
				);
				MARKETING_VERSION = 1.0;
				PRODUCT_BUNDLE_IDENTIFIER = com.kumar.FoodApp;
				PRODUCT_NAME = "$(TARGET_NAME)";
				PROVISIONING_PROFILE_SPECIFIER = "";
				SWIFT_EMIT_LOC_STRINGS = YES;
				SWIFT_VERSION = 5.0;
				TARGETED_DEVICE_FAMILY = "1,2";
			};
			name = Release;
		};
		5C9E43302E544F0500E440F7 /* Debug */ = {
			isa = XCBuildConfiguration;
			buildSettings = {
				BUNDLE_LOADER = "$(TEST_HOST)";
				CODE_SIGN_STYLE = Automatic;
				CURRENT_PROJECT_VERSION = 1;
				GENERATE_INFOPLIST_FILE = YES;
				IPHONEOS_DEPLOYMENT_TARGET = 18.4;
				MARKETING_VERSION = 1.0;
				PRODUCT_BUNDLE_IDENTIFIER = com.kumar.FoodAppTests;
				PRODUCT_NAME = "$(TARGET_NAME)";
				SWIFT_EMIT_LOC_STRINGS = NO;
				SWIFT_VERSION = 5.0;
				TARGETED_DEVICE_FAMILY = "1,2";
				TEST_HOST = "$(BUILT_PRODUCTS_DIR)/FoodApp.app/$(BUNDLE_EXECUTABLE_FOLDER_PATH)/FoodApp";
			};
			name = Debug;
		};
		5C9E43312E544F0500E440F7 /* Release */ = {
			isa = XCBuildConfiguration;
			buildSettings = {
				BUNDLE_LOADER = "$(TEST_HOST)";
				CODE_SIGN_STYLE = Automatic;
				CURRENT_PROJECT_VERSION = 1;
				GENERATE_INFOPLIST_FILE = YES;
				IPHONEOS_DEPLOYMENT_TARGET = 18.4;
				MARKETING_VERSION = 1.0;
				PRODUCT_BUNDLE_IDENTIFIER = com.kumar.FoodAppTests;
				PRODUCT_NAME = "$(TARGET_NAME)";
				SWIFT_EMIT_LOC_STRINGS = NO;
				SWIFT_VERSION = 5.0;
				TARGETED_DEVICE_FAMILY = "1,2";
				TEST_HOST = "$(BUILT_PRODUCTS_DIR)/FoodApp.app/$(BUNDLE_EXECUTABLE_FOLDER_PATH)/FoodApp";
			};
			name = Release;
		};
		5C9E43332E544F0500E440F7 /* Debug */ = {
			isa = XCBuildConfiguration;
			buildSettings = {
				CODE_SIGN_STYLE = Automatic;
				CURRENT_PROJECT_VERSION = 1;
				GENERATE_INFOPLIST_FILE = YES;
				MARKETING_VERSION = 1.0;
				PRODUCT_BUNDLE_IDENTIFIER = com.kumar.FoodAppUITests;
				PRODUCT_NAME = "$(TARGET_NAME)";
				SWIFT_EMIT_LOC_STRINGS = NO;
				SWIFT_VERSION = 5.0;
				TARGETED_DEVICE_FAMILY = "1,2";
				TEST_TARGET_NAME = FoodApp;
			};
			name = Debug;
		};
		5C9E43342E544F0500E440F7 /* Release */ = {
			isa = XCBuildConfiguration;
			buildSettings = {
				CODE_SIGN_STYLE = Automatic;
				CURRENT_PROJECT_VERSION = 1;
				GENERATE_INFOPLIST_FILE = YES;
				MARKETING_VERSION = 1.0;
				PRODUCT_BUNDLE_IDENTIFIER = com.kumar.FoodAppUITests;
				PRODUCT_NAME = "$(TARGET_NAME)";
				SWIFT_EMIT_LOC_STRINGS = NO;
				SWIFT_VERSION = 5.0;
				TARGETED_DEVICE_FAMILY = "1,2";
				TEST_TARGET_NAME = FoodApp;
			};
			name = Release;
		};
/* End XCBuildConfiguration section */

/* Begin XCConfigurationList section */
		5C9E43062E544F0300E440F7 /* Build configuration list for PBXProject "FoodApp" */ = {
			isa = XCConfigurationList;
			buildConfigurations = (
				5C9E432A2E544F0500E440F7 /* Debug */,
				5C9E432B2E544F0500E440F7 /* Release */,
			);
			defaultConfigurationIsVisible = 0;
			defaultConfigurationName = Release;
		};
		5C9E432C2E544F0500E440F7 /* Build configuration list for PBXNativeTarget "FoodApp" */ = {
			isa = XCConfigurationList;
			buildConfigurations = (
				5C9E432D2E544F0500E440F7 /* Debug */,
				5C9E432E2E544F0500E440F7 /* Release */,
			);
			defaultConfigurationIsVisible = 0;
			defaultConfigurationName = Release;
		};
		5C9E432F2E544F0500E440F7 /* Build configuration list for PBXNativeTarget "FoodAppTests" */ = {
			isa = XCConfigurationList;
			buildConfigurations = (
				5C9E43302E544F0500E440F7 /* Debug */,
				5C9E43312E544F0500E440F7 /* Release */,
			);
			defaultConfigurationIsVisible = 0;
			defaultConfigurationName = Release;
		};
		5C9E43322E544F0500E440F7 /* Build configuration list for PBXNativeTarget "FoodAppUITests" */ = {
			isa = XCConfigurationList;
			buildConfigurations = (
				5C9E43332E544F0500E440F7 /* Debug */,
				5C9E43342E544F0500E440F7 /* Release */,
			);
			defaultConfigurationIsVisible = 0;
			defaultConfigurationName = Release;
		};
/* End XCConfigurationList section */

/* Begin XCRemoteSwiftPackageReference section */
		5C2A86C82E5866BB0055FA9A /* XCRemoteSwiftPackageReference "firebase-ios-sdk" */ = {
			isa = XCRemoteSwiftPackageReference;
			repositoryURL = "https://github.com/firebase/firebase-ios-sdk";
			requirement = {
				kind = upToNextMajorVersion;
				minimumVersion = 12.1.0;
			};
		};
/* End XCRemoteSwiftPackageReference section */

/* Begin XCSwiftPackageProductDependency section */
		5C2A86C92E5866BC0055FA9A /* FirebaseAI */ = {
			isa = XCSwiftPackageProductDependency;
			package = 5C2A86C82E5866BB0055FA9A /* XCRemoteSwiftPackageReference "firebase-ios-sdk" */;
			productName = FirebaseAI;
		};
		5C2A86CB2E5866BC0055FA9A /* FirebaseAnalytics */ = {
			isa = XCSwiftPackageProductDependency;
			package = 5C2A86C82E5866BB0055FA9A /* XCRemoteSwiftPackageReference "firebase-ios-sdk" */;
			productName = FirebaseAnalytics;
		};
		5C2A86CD2E5866BC0055FA9A /* FirebaseAnalyticsCore */ = {
			isa = XCSwiftPackageProductDependency;
			package = 5C2A86C82E5866BB0055FA9A /* XCRemoteSwiftPackageReference "firebase-ios-sdk" */;
			productName = FirebaseAnalyticsCore;
		};
		5C2A86CF2E5866BC0055FA9A /* FirebaseAnalyticsIdentitySupport */ = {
			isa = XCSwiftPackageProductDependency;
			package = 5C2A86C82E5866BB0055FA9A /* XCRemoteSwiftPackageReference "firebase-ios-sdk" */;
			productName = FirebaseAnalyticsIdentitySupport;
		};
		5C2A86D12E5866BC0055FA9A /* FirebaseAppCheck */ = {
			isa = XCSwiftPackageProductDependency;
			package = 5C2A86C82E5866BB0055FA9A /* XCRemoteSwiftPackageReference "firebase-ios-sdk" */;
			productName = FirebaseAppCheck;
		};
		5C2A86D52E5876D40055FA9A /* FirebaseAppDistribution-Beta */ = {
			isa = XCSwiftPackageProductDependency;
			package = 5C2A86C82E5866BB0055FA9A /* XCRemoteSwiftPackageReference "firebase-ios-sdk" */;
			productName = "FirebaseAppDistribution-Beta";
		};
		5C2A86D72E5876D40055FA9A /* FirebaseAuth */ = {
			isa = XCSwiftPackageProductDependency;
			package = 5C2A86C82E5866BB0055FA9A /* XCRemoteSwiftPackageReference "firebase-ios-sdk" */;
			productName = FirebaseAuth;
		};
		5C2A86D92E5876D40055FA9A /* FirebaseAuthCombine-Community */ = {
			isa = XCSwiftPackageProductDependency;
			package = 5C2A86C82E5866BB0055FA9A /* XCRemoteSwiftPackageReference "firebase-ios-sdk" */;
			productName = "FirebaseAuthCombine-Community";
		};
		5C2A86DB2E5876D40055FA9A /* FirebaseCore */ = {
			isa = XCSwiftPackageProductDependency;
			package = 5C2A86C82E5866BB0055FA9A /* XCRemoteSwiftPackageReference "firebase-ios-sdk" */;
			productName = FirebaseCore;
		};
		5C2A86DD2E5876D40055FA9A /* FirebaseCrashlytics */ = {
			isa = XCSwiftPackageProductDependency;
			package = 5C2A86C82E5866BB0055FA9A /* XCRemoteSwiftPackageReference "firebase-ios-sdk" */;
			productName = FirebaseCrashlytics;
		};
		5C2A86DF2E5876D40055FA9A /* FirebaseDatabase */ = {
			isa = XCSwiftPackageProductDependency;
			package = 5C2A86C82E5866BB0055FA9A /* XCRemoteSwiftPackageReference "firebase-ios-sdk" */;
			productName = FirebaseDatabase;
		};
		5C2A86E12E5876D40055FA9A /* FirebaseFirestore */ = {
			isa = XCSwiftPackageProductDependency;
			package = 5C2A86C82E5866BB0055FA9A /* XCRemoteSwiftPackageReference "firebase-ios-sdk" */;
			productName = FirebaseFirestore;
		};
		5C2A86E32E5876D40055FA9A /* FirebaseFirestoreCombine-Community */ = {
			isa = XCSwiftPackageProductDependency;
			package = 5C2A86C82E5866BB0055FA9A /* XCRemoteSwiftPackageReference "firebase-ios-sdk" */;
			productName = "FirebaseFirestoreCombine-Community";
		};
		5C2A86E52E5876D40055FA9A /* FirebaseFunctions */ = {
			isa = XCSwiftPackageProductDependency;
			package = 5C2A86C82E5866BB0055FA9A /* XCRemoteSwiftPackageReference "firebase-ios-sdk" */;
			productName = FirebaseFunctions;
		};
		5C2A86E72E5876D40055FA9A /* FirebaseFunctionsCombine-Community */ = {
			isa = XCSwiftPackageProductDependency;
			package = 5C2A86C82E5866BB0055FA9A /* XCRemoteSwiftPackageReference "firebase-ios-sdk" */;
			productName = "FirebaseFunctionsCombine-Community";
		};
		5C2A86E92E5876D40055FA9A /* FirebaseInAppMessaging-Beta */ = {
			isa = XCSwiftPackageProductDependency;
			package = 5C2A86C82E5866BB0055FA9A /* XCRemoteSwiftPackageReference "firebase-ios-sdk" */;
			productName = "FirebaseInAppMessaging-Beta";
		};
		5C2A86EB2E5876D40055FA9A /* FirebaseInstallations */ = {
			isa = XCSwiftPackageProductDependency;
			package = 5C2A86C82E5866BB0055FA9A /* XCRemoteSwiftPackageReference "firebase-ios-sdk" */;
			productName = FirebaseInstallations;
		};
		5C2A86ED2E5876D40055FA9A /* FirebaseMLModelDownloader */ = {
			isa = XCSwiftPackageProductDependency;
			package = 5C2A86C82E5866BB0055FA9A /* XCRemoteSwiftPackageReference "firebase-ios-sdk" */;
			productName = FirebaseMLModelDownloader;
		};
		5C2A86EF2E5876D40055FA9A /* FirebaseMessaging */ = {
			isa = XCSwiftPackageProductDependency;
			package = 5C2A86C82E5866BB0055FA9A /* XCRemoteSwiftPackageReference "firebase-ios-sdk" */;
			productName = FirebaseMessaging;
		};
		5C2A86F12E5876D40055FA9A /* FirebasePerformance */ = {
			isa = XCSwiftPackageProductDependency;
			package = 5C2A86C82E5866BB0055FA9A /* XCRemoteSwiftPackageReference "firebase-ios-sdk" */;
			productName = FirebasePerformance;
		};
		5C2A86F32E5876D40055FA9A /* FirebaseRemoteConfig */ = {
			isa = XCSwiftPackageProductDependency;
			package = 5C2A86C82E5866BB0055FA9A /* XCRemoteSwiftPackageReference "firebase-ios-sdk" */;
			productName = FirebaseRemoteConfig;
		};
		5C2A86F52E5876D40055FA9A /* FirebaseStorage */ = {
			isa = XCSwiftPackageProductDependency;
			package = 5C2A86C82E5866BB0055FA9A /* XCRemoteSwiftPackageReference "firebase-ios-sdk" */;
			productName = FirebaseStorage;
		};
		5C2A86F72E5876D40055FA9A /* FirebaseStorageCombine-Community */ = {
			isa = XCSwiftPackageProductDependency;
			package = 5C2A86C82E5866BB0055FA9A /* XCRemoteSwiftPackageReference "firebase-ios-sdk" */;
			productName = "FirebaseStorageCombine-Community";
		};
/* End XCSwiftPackageProductDependency section */
	};
	rootObject = 5C9E43032E544F0300E440F7 /* Project object */;
}
